
Microsoft Visual Studio Solution File, Format Version 12.00
# Visual Studio Version 17
VisualStudioVersion = 17.5.33516.290
MinimumVisualStudioVersion = 10.0.40219.1
Project("{2150E333-8FDC-42A3-9474-1A3956D46DE8}") = "src", "src", "{F500E862-9E0B-4B63-A2AD-C88790A52E99}"
EndProject
Project("{2150E333-8FDC-42A3-9474-1A3956D46DE8}") = "test", "test", "{67EB2A20-D90E-4FE7-8CBF-B55D9BBD8E12}"
EndProject
Project("{FAE04EC0-301F-11D3-BF4B-00C04F79EFBC}") = "Transportes", "Transportes\Transportes.csproj", "{977F49B3-6046-495A-A94F-CFD4F91BBE1B}"
EndProject
Project("{FAE04EC0-301F-11D3-BF4B-00C04F79EFBC}") = "Transportes.UnitTest", "Transportes.UnitTest\Transportes.UnitTest.csproj", "{E183BFB4-524F-407C-A8EF-F9D355266FD1}"
EndProject
Global
	GlobalSection(SolutionConfigurationPlatforms) = preSolution
		Debug|Any CPU = Debug|Any CPU
		Release|Any CPU = Release|Any CPU
	EndGlobalSection
	GlobalSection(ProjectConfigurationPlatforms) = postSolution
		{977F49B3-6046-495A-A94F-CFD4F91BBE1B}.Debug|Any CPU.ActiveCfg = Debug|Any CPU
		{977F49B3-6046-495A-A94F-CFD4F91BBE1B}.Debug|Any CPU.Build.0 = Debug|Any CPU
		{977F49B3-6046-495A-A94F-CFD4F91BBE1B}.Release|Any CPU.ActiveCfg = Release|Any CPU
		{977F49B3-6046-495A-A94F-CFD4F91BBE1B}.Release|Any CPU.Build.0 = Release|Any CPU
		{E183BFB4-524F-407C-A8EF-F9D355266FD1}.Debug|Any CPU.ActiveCfg = Debug|Any CPU
		{E183BFB4-524F-407C-A8EF-F9D355266FD1}.Debug|Any CPU.Build.0 = Debug|Any CPU
		{E183BFB4-524F-407C-A8EF-F9D355266FD1}.Release|Any CPU.ActiveCfg = Release|Any CPU
		{E183BFB4-524F-407C-A8EF-F9D355266FD1}.Release|Any CPU.Build.0 = Release|Any CPU
	EndGlobalSection
	GlobalSection(SolutionProperties) = preSolution
		HideSolutionNode = FALSE
	EndGlobalSection
	GlobalSection(NestedProjects) = preSolution
		{977F49B3-6046-495A-A94F-CFD4F91BBE1B} = {F500E862-9E0B-4B63-A2AD-C88790A52E99}
		{E183BFB4-524F-407C-A8EF-F9D355266FD1} = {67EB2A20-D90E-4FE7-8CBF-B55D9BBD8E12}
	EndGlobalSection
	GlobalSection(ExtensibilityGlobals) = postSolution
		SolutionGuid = {95956812-38D6-4778-BC8B-18418B5F0B07}
	EndGlobalSection
EndGlobal
